
Microsoft Visual Studio Solution File, Format Version 12.00
# Visual Studio Version 17
VisualStudioVersion = 17.1.32421.90
MinimumVisualStudioVersion = 10.0.40219.1
Project("{FAE04EC0-301F-11D3-BF4B-00C04F79EFBC}") = "Linq_6_Distinct_With_Equality_and_Comparer", "Linq_6_Distinct_With_Equality_and_Comparer\Linq_6_Distinct_With_Equality_and_Comparer.csproj", "{AACC16F8-A28F-42D5-B454-D8409915587F}"
EndProject
Global
	GlobalSection(SolutionConfigurationPlatforms) = preSolution
		Debug|Any CPU = Debug|Any CPU
		Release|Any CPU = Release|Any CPU
	EndGlobalSection
	GlobalSection(ProjectConfigurationPlatforms) = postSolution
		{AACC16F8-A28F-42D5-B454-D8409915587F}.Debug|Any CPU.ActiveCfg = Debug|Any CPU
		{AACC16F8-A28F-42D5-B454-D8409915587F}.Debug|Any CPU.Build.0 = Debug|Any CPU
		{AACC16F8-A28F-42D5-B454-D8409915587F}.Release|Any CPU.ActiveCfg = Release|Any CPU
		{AACC16F8-A28F-42D5-B454-D8409915587F}.Release|Any CPU.Build.0 = Release|Any CPU
	EndGlobalSection
	GlobalSection(SolutionProperties) = preSolution
		HideSolutionNode = FALSE
	EndGlobalSection
	GlobalSection(ExtensibilityGlobals) = postSolution
		SolutionGuid = {50DB98B5-8F17-47C3-B025-51793ACDFA6F}
	EndGlobalSection
EndGlobal
